
Microsoft Visual Studio Solution File, Format Version 12.00
# Visual Studio Version 16
VisualStudioVersion = 16.0.31729.503
MinimumVisualStudioVersion = 10.0.40219.1
Project("{2150E333-8FDC-42A3-9474-1A3956D46DE8}") = "src", "src", "{30F34596-F362-432F-9FA3-CBD3FC93A93C}"
EndProject
Project("{2150E333-8FDC-42A3-9474-1A3956D46DE8}") = "Catalog", "Catalog", "{8EA7E870-EE18-4F8B-8B65-24A351498A70}"
EndProject
Project("{9A19103F-16F7-4668-BE54-9A1E7A4F7556}") = "CatalogApi", "src\Catalog\CatalogApi\CatalogApi.csproj", "{7C995063-738B-454B-AB0F-7AB4A9DD25E0}"
EndProject
Project("{E53339B2-1760-4266-BCC7-CA923CBCF16C}") = "docker-compose", "docker-compose.dcproj", "{9CB1813D-CF3D-4B19-8BC1-31244F48D3B9}"
EndProject
Project("{2150E333-8FDC-42A3-9474-1A3956D46DE8}") = "Basket", "Basket", "{4F5CBE47-D3AA-49DC-A749-C4E65A0CBF5C}"
EndProject
Project("{9A19103F-16F7-4668-BE54-9A1E7A4F7556}") = "BasketApii", "src\Basket\BasketApii\BasketApii.csproj", "{B897D85C-8973-4AD8-BA9A-F04D639EAD35}"
EndProject
Project("{2150E333-8FDC-42A3-9474-1A3956D46DE8}") = "Discount", "Discount", "{F361CAC5-A80E-45F6-8DCF-98BA66CA0541}"
EndProject
Project("{9A19103F-16F7-4668-BE54-9A1E7A4F7556}") = "Discount.Api", "src\Discount\Discount.Api\Discount.Api.csproj", "{3D48597F-6411-47B5-B5F4-FCB6A6226B29}"
EndProject
Project("{2150E333-8FDC-42A3-9474-1A3956D46DE8}") = "common", "common", "{E88E53A6-804D-432D-BC23-D23782C88F61}"
EndProject
Project("{9A19103F-16F7-4668-BE54-9A1E7A4F7556}") = "EventBusRabbitMQ", "..\src\common\EventBusRabbitMQ\EventBusRabbitMQ.csproj", "{D6086840-D926-4AB7-93F9-49726232121C}"
EndProject
Project("{2150E333-8FDC-42A3-9474-1A3956D46DE8}") = "Ordring", "Ordring", "{5077F8A9-69A4-4EA7-B0F8-804A97E8E913}"
EndProject
Project("{9A19103F-16F7-4668-BE54-9A1E7A4F7556}") = "Order.Api", "..\src\Ordring\Order.Api\Order.Api.csproj", "{B86A533D-6946-413C-8FA6-E9E3246A3E43}"
EndProject
Project("{FAE04EC0-301F-11D3-BF4B-00C04F79EFBC}") = "Ordering.Core", "..\src\Ordring\Ordering.Core\Ordering.Core.csproj", "{1806B9DE-0E7A-43F5-B466-D0BD58F32372}"
EndProject
Project("{FAE04EC0-301F-11D3-BF4B-00C04F79EFBC}") = "Ordering.Infrastructure", "..\src\Ordring\Ordering.Infrastructure\Ordering.Infrastructure.csproj", "{A1F78CE3-674E-4F90-B3B9-E87B661E1C27}"
EndProject
Project("{FAE04EC0-301F-11D3-BF4B-00C04F79EFBC}") = "Ordering.Application", "..\src\Ordring\Ordering.Application\Ordering.Application.csproj", "{D311B4BB-89B5-4D0E-AB38-32000E0D71D8}"
EndProject
Global
	GlobalSection(SolutionConfigurationPlatforms) = preSolution
		Debug|Any CPU = Debug|Any CPU
		Release|Any CPU = Release|Any CPU
	EndGlobalSection
	GlobalSection(ProjectConfigurationPlatforms) = postSolution
		{7C995063-738B-454B-AB0F-7AB4A9DD25E0}.Debug|Any CPU.ActiveCfg = Debug|Any CPU
		{7C995063-738B-454B-AB0F-7AB4A9DD25E0}.Debug|Any CPU.Build.0 = Debug|Any CPU
		{7C995063-738B-454B-AB0F-7AB4A9DD25E0}.Release|Any CPU.ActiveCfg = Release|Any CPU
		{7C995063-738B-454B-AB0F-7AB4A9DD25E0}.Release|Any CPU.Build.0 = Release|Any CPU
		{9CB1813D-CF3D-4B19-8BC1-31244F48D3B9}.Debug|Any CPU.ActiveCfg = Debug|Any CPU
		{9CB1813D-CF3D-4B19-8BC1-31244F48D3B9}.Debug|Any CPU.Build.0 = Debug|Any CPU
		{9CB1813D-CF3D-4B19-8BC1-31244F48D3B9}.Release|Any CPU.ActiveCfg = Release|Any CPU
		{9CB1813D-CF3D-4B19-8BC1-31244F48D3B9}.Release|Any CPU.Build.0 = Release|Any CPU
		{B897D85C-8973-4AD8-BA9A-F04D639EAD35}.Debug|Any CPU.ActiveCfg = Debug|Any CPU
		{B897D85C-8973-4AD8-BA9A-F04D639EAD35}.Debug|Any CPU.Build.0 = Debug|Any CPU
		{B897D85C-8973-4AD8-BA9A-F04D639EAD35}.Release|Any CPU.ActiveCfg = Release|Any CPU
		{B897D85C-8973-4AD8-BA9A-F04D639EAD35}.Release|Any CPU.Build.0 = Release|Any CPU
		{3D48597F-6411-47B5-B5F4-FCB6A6226B29}.Debug|Any CPU.ActiveCfg = Debug|Any CPU
		{3D48597F-6411-47B5-B5F4-FCB6A6226B29}.Debug|Any CPU.Build.0 = Debug|Any CPU
		{3D48597F-6411-47B5-B5F4-FCB6A6226B29}.Release|Any CPU.ActiveCfg = Release|Any CPU
		{3D48597F-6411-47B5-B5F4-FCB6A6226B29}.Release|Any CPU.Build.0 = Release|Any CPU
		{D6086840-D926-4AB7-93F9-49726232121C}.Debug|Any CPU.ActiveCfg = Debug|Any CPU
		{D6086840-D926-4AB7-93F9-49726232121C}.Debug|Any CPU.Build.0 = Debug|Any CPU
		{D6086840-D926-4AB7-93F9-49726232121C}.Release|Any CPU.ActiveCfg = Release|Any CPU
		{D6086840-D926-4AB7-93F9-49726232121C}.Release|Any CPU.Build.0 = Release|Any CPU
		{B86A533D-6946-413C-8FA6-E9E3246A3E43}.Debug|Any CPU.ActiveCfg = Debug|Any CPU
		{B86A533D-6946-413C-8FA6-E9E3246A3E43}.Debug|Any CPU.Build.0 = Debug|Any CPU
		{B86A533D-6946-413C-8FA6-E9E3246A3E43}.Release|Any CPU.ActiveCfg = Release|Any CPU
		{B86A533D-6946-413C-8FA6-E9E3246A3E43}.Release|Any CPU.Build.0 = Release|Any CPU
		{1806B9DE-0E7A-43F5-B466-D0BD58F32372}.Debug|Any CPU.ActiveCfg = Debug|Any CPU
		{1806B9DE-0E7A-43F5-B466-D0BD58F32372}.Debug|Any CPU.Build.0 = Debug|Any CPU
		{1806B9DE-0E7A-43F5-B466-D0BD58F32372}.Release|Any CPU.ActiveCfg = Release|Any CPU
		{1806B9DE-0E7A-43F5-B466-D0BD58F32372}.Release|Any CPU.Build.0 = Release|Any CPU
		{A1F78CE3-674E-4F90-B3B9-E87B661E1C27}.Debug|Any CPU.ActiveCfg = Debug|Any CPU
		{A1F78CE3-674E-4F90-B3B9-E87B661E1C27}.Debug|Any CPU.Build.0 = Debug|Any CPU
		{A1F78CE3-674E-4F90-B3B9-E87B661E1C27}.Release|Any CPU.ActiveCfg = Release|Any CPU
		{A1F78CE3-674E-4F90-B3B9-E87B661E1C27}.Release|Any CPU.Build.0 = Release|Any CPU
		{D311B4BB-89B5-4D0E-AB38-32000E0D71D8}.Debug|Any CPU.ActiveCfg = Debug|Any CPU
		{D311B4BB-89B5-4D0E-AB38-32000E0D71D8}.Debug|Any CPU.Build.0 = Debug|Any CPU
		{D311B4BB-89B5-4D0E-AB38-32000E0D71D8}.Release|Any CPU.ActiveCfg = Release|Any CPU
		{D311B4BB-89B5-4D0E-AB38-32000E0D71D8}.Release|Any CPU.Build.0 = Release|Any CPU
	EndGlobalSection
	GlobalSection(SolutionProperties) = preSolution
		HideSolutionNode = FALSE
	EndGlobalSection
	GlobalSection(NestedProjects) = preSolution
		{8EA7E870-EE18-4F8B-8B65-24A351498A70} = {30F34596-F362-432F-9FA3-CBD3FC93A93C}
		{7C995063-738B-454B-AB0F-7AB4A9DD25E0} = {8EA7E870-EE18-4F8B-8B65-24A351498A70}
		{4F5CBE47-D3AA-49DC-A749-C4E65A0CBF5C} = {30F34596-F362-432F-9FA3-CBD3FC93A93C}
		{B897D85C-8973-4AD8-BA9A-F04D639EAD35} = {4F5CBE47-D3AA-49DC-A749-C4E65A0CBF5C}
		{F361CAC5-A80E-45F6-8DCF-98BA66CA0541} = {30F34596-F362-432F-9FA3-CBD3FC93A93C}
		{3D48597F-6411-47B5-B5F4-FCB6A6226B29} = {F361CAC5-A80E-45F6-8DCF-98BA66CA0541}
		{E88E53A6-804D-432D-BC23-D23782C88F61} = {30F34596-F362-432F-9FA3-CBD3FC93A93C}
		{D6086840-D926-4AB7-93F9-49726232121C} = {E88E53A6-804D-432D-BC23-D23782C88F61}
		{5077F8A9-69A4-4EA7-B0F8-804A97E8E913} = {30F34596-F362-432F-9FA3-CBD3FC93A93C}
		{B86A533D-6946-413C-8FA6-E9E3246A3E43} = {5077F8A9-69A4-4EA7-B0F8-804A97E8E913}
		{1806B9DE-0E7A-43F5-B466-D0BD58F32372} = {5077F8A9-69A4-4EA7-B0F8-804A97E8E913}
		{A1F78CE3-674E-4F90-B3B9-E87B661E1C27} = {5077F8A9-69A4-4EA7-B0F8-804A97E8E913}
		{D311B4BB-89B5-4D0E-AB38-32000E0D71D8} = {5077F8A9-69A4-4EA7-B0F8-804A97E8E913}
	EndGlobalSection
	GlobalSection(ExtensibilityGlobals) = postSolution
		SolutionGuid = {D332848C-982D-4F35-A40C-CEFF3FE5B4A7}
	EndGlobalSection
EndGlobal
